// !$*UTF8*$!
{
	archiveVersion = 1;
	classes = {
	};
	objectVersion = 52;
	objects = {

/* Begin PBXBuildFile section */
		4E79199A26126C0D00A0183C /* LoremIpsum in Frameworks */ = {isa = PBXBuildFile; productRef = 4E79199926126C0D00A0183C /* LoremIpsum */; };
		4E7919B926126E8E00A0183C /* WordCountTests.swift in Sources */ = {isa = PBXBuildFile; fileRef = 4E7919B826126E8E00A0183C /* WordCountTests.swift */; };
		4E87384226120B6C0052890C /* SwiftUITextEditorApp.swift in Sources */ = {isa = PBXBuildFile; fileRef = 4E87384126120B6C0052890C /* SwiftUITextEditorApp.swift */; };
		4E87384426120B6C0052890C /* ContentView.swift in Sources */ = {isa = PBXBuildFile; fileRef = 4E87384326120B6C0052890C /* ContentView.swift */; };
		4E87384626120B6D0052890C /* Assets.xcassets in Resources */ = {isa = PBXBuildFile; fileRef = 4E87384526120B6D0052890C /* Assets.xcassets */; };
		4E87384926120B6E0052890C /* Preview Assets.xcassets in Resources */ = {isa = PBXBuildFile; fileRef = 4E87384826120B6E0052890C /* Preview Assets.xcassets */; };
		4EA6A3462613151600CCBF5A /* StringExt.swift in Sources */ = {isa = PBXBuildFile; fileRef = 4EA6A3452613151600CCBF5A /* StringExt.swift */; };
		4EA6A35726131BE000CCBF5A /* SwiftUITextEditorUITests.swift in Sources */ = {isa = PBXBuildFile; fileRef = 4EA6A35626131BE000CCBF5A /* SwiftUITextEditorUITests.swift */; };
/* End PBXBuildFile section */

/* Begin PBXContainerItemProxy section */
		4E7919BB26126E8E00A0183C /* PBXContainerItemProxy */ = {
			isa = PBXContainerItemProxy;
			containerPortal = 4E87383626120B6C0052890C /* Project object */;
			proxyType = 1;
			remoteGlobalIDString = 4E87383D26120B6C0052890C;
			remoteInfo = SwiftUITextEditor;
		};
		4EA6A35926131BE000CCBF5A /* PBXContainerItemProxy */ = {
			isa = PBXContainerItemProxy;
			containerPortal = 4E87383626120B6C0052890C /* Project object */;
			proxyType = 1;
			remoteGlobalIDString = 4E87383D26120B6C0052890C;
			remoteInfo = SwiftUITextEditor;
		};
/* End PBXContainerItemProxy section */

/* Begin PBXFileReference section */
		4E7919B626126E8E00A0183C /* SwiftUITextEditorTests.xctest */ = {isa = PBXFileReference; explicitFileType = wrapper.cfbundle; includeInIndex = 0; path = SwiftUITextEditorTests.xctest; sourceTree = BUILT_PRODUCTS_DIR; };
		4E7919B826126E8E00A0183C /* WordCountTests.swift */ = {isa = PBXFileReference; lastKnownFileType = sourcecode.swift; path = WordCountTests.swift; sourceTree = "<group>"; };
		4E7919BA26126E8E00A0183C /* Info.plist */ = {isa = PBXFileReference; lastKnownFileType = text.plist.xml; path = Info.plist; sourceTree = "<group>"; };
		4E87383E26120B6C0052890C /* SwiftUITextEditor.app */ = {isa = PBXFileReference; explicitFileType = wrapper.application; includeInIndex = 0; path = SwiftUITextEditor.app; sourceTree = BUILT_PRODUCTS_DIR; };
		4E87384126120B6C0052890C /* SwiftUITextEditorApp.swift */ = {isa = PBXFileReference; lastKnownFileType = sourcecode.swift; path = SwiftUITextEditorApp.swift; sourceTree = "<group>"; };
		4E87384326120B6C0052890C /* ContentView.swift */ = {isa = PBXFileReference; lastKnownFileType = sourcecode.swift; path = ContentView.swift; sourceTree = "<group>"; };
		4E87384526120B6D0052890C /* Assets.xcassets */ = {isa = PBXFileReference; lastKnownFileType = folder.assetcatalog; path = Assets.xcassets; sourceTree = "<group>"; };
		4E87384826120B6E0052890C /* Preview Assets.xcassets */ = {isa = PBXFileReference; lastKnownFileType = folder.assetcatalog; path = "Preview Assets.xcassets"; sourceTree = "<group>"; };
		4E87384A26120B6E0052890C /* Info.plist */ = {isa = PBXFileReference; lastKnownFileType = text.plist.xml; path = Info.plist; sourceTree = "<group>"; };
		4EA6A3452613151600CCBF5A /* StringExt.swift */ = {isa = PBXFileReference; lastKnownFileType = sourcecode.swift; path = StringExt.swift; sourceTree = "<group>"; };
		4EA6A35426131BE000CCBF5A /* SwiftUITextEditorUITests.xctest */ = {isa = PBXFileReference; explicitFileType = wrapper.cfbundle; includeInIndex = 0; path = SwiftUITextEditorUITests.xctest; sourceTree = BUILT_PRODUCTS_DIR; };
		4EA6A35626131BE000CCBF5A /* SwiftUITextEditorUITests.swift */ = {isa = PBXFileReference; lastKnownFileType = sourcecode.swift; path = SwiftUITextEditorUITests.swift; sourceTree = "<group>"; };
		4EA6A35826131BE000CCBF5A /* Info.plist */ = {isa = PBXFileReference; lastKnownFileType = text.plist.xml; path = Info.plist; sourceTree = "<group>"; };
/* End PBXFileReference section */

/* Begin PBXFrameworksBuildPhase section */
		4E7919B326126E8E00A0183C /* Frameworks */ = {
			isa = PBXFrameworksBuildPhase;
			buildActionMask = 2147483647;
			files = (
			);
			runOnlyForDeploymentPostprocessing = 0;
		};
		4E87383B26120B6C0052890C /* Frameworks */ = {
			isa = PBXFrameworksBuildPhase;
			buildActionMask = 2147483647;
			files = (
				4E79199A26126C0D00A0183C /* LoremIpsum in Frameworks */,
			);
			runOnlyForDeploymentPostprocessing = 0;
		};
		4EA6A35126131BE000CCBF5A /* Frameworks */ = {
			isa = PBXFrameworksBuildPhase;
			buildActionMask = 2147483647;
			files = (
			);
			runOnlyForDeploymentPostprocessing = 0;
		};
/* End PBXFrameworksBuildPhase section */

/* Begin PBXGroup section */
		4E7919B726126E8E00A0183C /* SwiftUITextEditorTests */ = {
			isa = PBXGroup;
			children = (
				4E7919B826126E8E00A0183C /* WordCountTests.swift */,
				4E7919BA26126E8E00A0183C /* Info.plist */,
			);
			path = SwiftUITextEditorTests;
			sourceTree = "<group>";
		};
		4E87383526120B6C0052890C = {
			isa = PBXGroup;
			children = (
				4E87384026120B6C0052890C /* SwiftUITextEditor */,
				4E7919B726126E8E00A0183C /* SwiftUITextEditorTests */,
				4EA6A35526131BE000CCBF5A /* SwiftUITextEditorUITests */,
				4E87383F26120B6C0052890C /* Products */,
			);
			sourceTree = "<group>";
		};
		4E87383F26120B6C0052890C /* Products */ = {
			isa = PBXGroup;
			children = (
				4E87383E26120B6C0052890C /* SwiftUITextEditor.app */,
				4E7919B626126E8E00A0183C /* SwiftUITextEditorTests.xctest */,
				4EA6A35426131BE000CCBF5A /* SwiftUITextEditorUITests.xctest */,
			);
			name = Products;
			sourceTree = "<group>";
		};
		4E87384026120B6C0052890C /* SwiftUITextEditor */ = {
			isa = PBXGroup;
			children = (
				4EA6A3442613150700CCBF5A /* Extensions */,
				4E87384126120B6C0052890C /* SwiftUITextEditorApp.swift */,
				4E87384326120B6C0052890C /* ContentView.swift */,
				4E87384526120B6D0052890C /* Assets.xcassets */,
				4E87384A26120B6E0052890C /* Info.plist */,
				4E87384726120B6E0052890C /* Preview Content */,
			);
			path = SwiftUITextEditor;
			sourceTree = "<group>";
		};
		4E87384726120B6E0052890C /* Preview Content */ = {
			isa = PBXGroup;
			children = (
				4E87384826120B6E0052890C /* Preview Assets.xcassets */,
			);
			path = "Preview Content";
			sourceTree = "<group>";
		};
		4EA6A3442613150700CCBF5A /* Extensions */ = {
			isa = PBXGroup;
			children = (
				4EA6A3452613151600CCBF5A /* StringExt.swift */,
			);
			path = Extensions;
			sourceTree = "<group>";
		};
		4EA6A35526131BE000CCBF5A /* SwiftUITextEditorUITests */ = {
			isa = PBXGroup;
			children = (
				4EA6A35626131BE000CCBF5A /* SwiftUITextEditorUITests.swift */,
				4EA6A35826131BE000CCBF5A /* Info.plist */,
			);
			path = SwiftUITextEditorUITests;
			sourceTree = "<group>";
		};
/* End PBXGroup section */

/* Begin PBXNativeTarget section */
		4E7919B526126E8E00A0183C /* SwiftUITextEditorTests */ = {
			isa = PBXNativeTarget;
			buildConfigurationList = 4E7919BD26126E8E00A0183C /* Build configuration list for PBXNativeTarget "SwiftUITextEditorTests" */;
			buildPhases = (
				4E7919B226126E8E00A0183C /* Sources */,
				4E7919B326126E8E00A0183C /* Frameworks */,
				4E7919B426126E8E00A0183C /* Resources */,
			);
			buildRules = (
			);
			dependencies = (
				4E7919BC26126E8E00A0183C /* PBXTargetDependency */,
			);
			name = SwiftUITextEditorTests;
			productName = SwiftUITextEditorTests;
			productReference = 4E7919B626126E8E00A0183C /* SwiftUITextEditorTests.xctest */;
			productType = "com.apple.product-type.bundle.unit-test";
		};
		4E87383D26120B6C0052890C /* SwiftUITextEditor */ = {
			isa = PBXNativeTarget;
			buildConfigurationList = 4E87386326120B6E0052890C /* Build configuration list for PBXNativeTarget "SwiftUITextEditor" */;
			buildPhases = (
				4E87383A26120B6C0052890C /* Sources */,
				4E87383B26120B6C0052890C /* Frameworks */,
				4E87383C26120B6C0052890C /* Resources */,
			);
			buildRules = (
			);
			dependencies = (
			);
			name = SwiftUITextEditor;
			packageProductDependencies = (
				4E79199926126C0D00A0183C /* LoremIpsum */,
			);
			productName = SwiftUITextEditor;
			productReference = 4E87383E26120B6C0052890C /* SwiftUITextEditor.app */;
			productType = "com.apple.product-type.application";
		};
		4EA6A35326131BE000CCBF5A /* SwiftUITextEditorUITests */ = {
			isa = PBXNativeTarget;
			buildConfigurationList = 4EA6A35B26131BE000CCBF5A /* Build configuration list for PBXNativeTarget "SwiftUITextEditorUITests" */;
			buildPhases = (
				4EA6A35026131BE000CCBF5A /* Sources */,
				4EA6A35126131BE000CCBF5A /* Frameworks */,
				4EA6A35226131BE000CCBF5A /* Resources */,
			);
			buildRules = (
			);
			dependencies = (
				4EA6A35A26131BE000CCBF5A /* PBXTargetDependency */,
			);
			name = SwiftUITextEditorUITests;
			productName = SwiftUITextEditorUITests;
			productReference = 4EA6A35426131BE000CCBF5A /* SwiftUITextEditorUITests.xctest */;
			productType = "com.apple.product-type.bundle.ui-testing";
		};
/* End PBXNativeTarget section */

/* Begin PBXProject section */
		4E87383626120B6C0052890C /* Project object */ = {
			isa = PBXProject;
			attributes = {
				LastSwiftUpdateCheck = 1240;
				LastUpgradeCheck = 1240;
				TargetAttributes = {
					4E7919B526126E8E00A0183C = {
						CreatedOnToolsVersion = 12.4;
						TestTargetID = 4E87383D26120B6C0052890C;
					};
					4E87383D26120B6C0052890C = {
						CreatedOnToolsVersion = 12.4;
					};
					4EA6A35326131BE000CCBF5A = {
						CreatedOnToolsVersion = 12.4;
						TestTargetID = 4E87383D26120B6C0052890C;
					};
				};
			};
			buildConfigurationList = 4E87383926120B6C0052890C /* Build configuration list for PBXProject "SwiftUITextEditor" */;
			compatibilityVersion = "Xcode 9.3";
			developmentRegion = en;
			hasScannedForEncodings = 0;
			knownRegions = (
				en,
				Base,
			);
			mainGroup = 4E87383526120B6C0052890C;
			packageReferences = (
				4E79199826126C0D00A0183C /* XCRemoteSwiftPackageReference "LoremIpsum-Swift" */,
			);
			productRefGroup = 4E87383F26120B6C0052890C /* Products */;
			projectDirPath = "";
			projectRoot = "";
			targets = (
				4E87383D26120B6C0052890C /* SwiftUITextEditor */,
				4E7919B526126E8E00A0183C /* SwiftUITextEditorTests */,
				4EA6A35326131BE000CCBF5A /* SwiftUITextEditorUITests */,
			);
		};
/* End PBXProject section */

/* Begin PBXResourcesBuildPhase section */
		4E7919B426126E8E00A0183C /* Resources */ = {
			isa = PBXResourcesBuildPhase;
			buildActionMask = 2147483647;
			files = (
			);
			runOnlyForDeploymentPostprocessing = 0;
		};
		4E87383C26120B6C0052890C /* Resources */ = {
			isa = PBXResourcesBuildPhase;
			buildActionMask = 2147483647;
			files = (
				4E87384926120B6E0052890C /* Preview Assets.xcassets in Resources */,
				4E87384626120B6D0052890C /* Assets.xcassets in Resources */,
			);
			runOnlyForDeploymentPostprocessing = 0;
		};
		4EA6A35226131BE000CCBF5A /* Resources */ = {
			isa = PBXResourcesBuildPhase;
			buildActionMask = 2147483647;
			files = (
			);
			runOnlyForDeploymentPostprocessing = 0;
		};
/* End PBXResourcesBuildPhase section */

/* Begin PBXSourcesBuildPhase section */
		4E7919B226126E8E00A0183C /* Sources */ = {
			isa = PBXSourcesBuildPhase;
			buildActionMask = 2147483647;
			files = (
				4E7919B926126E8E00A0183C /* WordCountTests.swift in Sources */,
			);
			runOnlyForDeploymentPostprocessing = 0;
		};
		4E87383A26120B6C0052890C /* Sources */ = {
			isa = PBXSourcesBuildPhase;
			buildActionMask = 2147483647;
			files = (
				4E87384426120B6C0052890C /* ContentView.swift in Sources */,
				4EA6A3462613151600CCBF5A /* StringExt.swift in Sources */,
				4E87384226120B6C0052890C /* SwiftUITextEditorApp.swift in Sources */,
			);
			runOnlyForDeploymentPostprocessing = 0;
		};
		4EA6A35026131BE000CCBF5A /* Sources */ = {
			isa = PBXSourcesBuildPhase;
			buildActionMask = 2147483647;
			files = (
				4EA6A35726131BE000CCBF5A /* SwiftUITextEditorUITests.swift in Sources */,
			);
			runOnlyForDeploymentPostprocessing = 0;
		};
/* End PBXSourcesBuildPhase section */

/* Begin PBXTargetDependency section */
		4E7919BC26126E8E00A0183C /* PBXTargetDependency */ = {
			isa = PBXTargetDependency;
			target = 4E87383D26120B6C0052890C /* SwiftUITextEditor */;
			targetProxy = 4E7919BB26126E8E00A0183C /* PBXContainerItemProxy */;
		};
		4EA6A35A26131BE000CCBF5A /* PBXTargetDependency */ = {
			isa = PBXTargetDependency;
			target = 4E87383D26120B6C0052890C /* SwiftUITextEditor */;
			targetProxy = 4EA6A35926131BE000CCBF5A /* PBXContainerItemProxy */;
		};
/* End PBXTargetDependency section */

/* Begin XCBuildConfiguration section */
		4E7919BE26126E8E00A0183C /* Debug */ = {
			isa = XCBuildConfiguration;
			buildSettings = {
				BUNDLE_LOADER = "$(TEST_HOST)";
				CODE_SIGN_STYLE = Automatic;
				DEVELOPMENT_TEAM = 94USWJR94U;
				INFOPLIST_FILE = SwiftUITextEditorTests/Info.plist;
				LD_RUNPATH_SEARCH_PATHS = (
					"$(inherited)",
					"@executable_path/Frameworks",
					"@loader_path/Frameworks",
				);
				PRODUCT_BUNDLE_IDENTIFIER = andreasvelounias.SwiftUITextEditorTests;
				PRODUCT_NAME = "$(TARGET_NAME)";
				SWIFT_VERSION = 5.0;
				TARGETED_DEVICE_FAMILY = "1,2";
				TEST_HOST = "$(BUILT_PRODUCTS_DIR)/SwiftUITextEditor.app/SwiftUITextEditor";
			};
			name = Debug;
		};
		4E7919BF26126E8E00A0183C /* Release */ = {
			isa = XCBuildConfiguration;
			buildSettings = {
				BUNDLE_LOADER = "$(TEST_HOST)";
				CODE_SIGN_STYLE = Automatic;
				DEVELOPMENT_TEAM = 94USWJR94U;
				INFOPLIST_FILE = SwiftUITextEditorTests/Info.plist;
				LD_RUNPATH_SEARCH_PATHS = (
					"$(inherited)",
					"@executable_path/Frameworks",
					"@loader_path/Frameworks",
				);
				PRODUCT_BUNDLE_IDENTIFIER = andreasvelounias.SwiftUITextEditorTests;
				PRODUCT_NAME = "$(TARGET_NAME)";
				SWIFT_VERSION = 5.0;
				TARGETED_DEVICE_FAMILY = "1,2";
				TEST_HOST = "$(BUILT_PRODUCTS_DIR)/SwiftUITextEditor.app/SwiftUITextEditor";
			};
			name = Release;
		};
		4E87386126120B6E0052890C /* Debug */ = {
			isa = XCBuildConfiguration;
			buildSettings = {
				ALWAYS_SEARCH_USER_PATHS = NO;
				CLANG_ANALYZER_NONNULL = YES;
				CLANG_ANALYZER_NUMBER_OBJECT_CONVERSION = YES_AGGRESSIVE;
				CLANG_CXX_LANGUAGE_STANDARD = "gnu++14";
				CLANG_CXX_LIBRARY = "libc++";
				CLANG_ENABLE_MODULES = YES;
				CLANG_ENABLE_OBJC_ARC = YES;
				CLANG_ENABLE_OBJC_WEAK = YES;
				CLANG_WARN_BLOCK_CAPTURE_AUTORELEASING = YES;
				CLANG_WARN_BOOL_CONVERSION = YES;
				CLANG_WARN_COMMA = YES;
				CLANG_WARN_CONSTANT_CONVERSION = YES;
				CLANG_WARN_DEPRECATED_OBJC_IMPLEMENTATIONS = YES;
				CLANG_WARN_DIRECT_OBJC_ISA_USAGE = YES_ERROR;
				CLANG_WARN_DOCUMENTATION_COMMENTS = YES;
				CLANG_WARN_EMPTY_BODY = YES;
				CLANG_WARN_ENUM_CONVERSION = YES;
				CLANG_WARN_INFINITE_RECURSION = YES;
				CLANG_WARN_INT_CONVERSION = YES;
				CLANG_WARN_NON_LITERAL_NULL_CONVERSION = YES;
				CLANG_WARN_OBJC_IMPLICIT_RETAIN_SELF = YES;
				CLANG_WARN_OBJC_LITERAL_CONVERSION = YES;
				CLANG_WARN_OBJC_ROOT_CLASS = YES_ERROR;
				CLANG_WARN_QUOTED_INCLUDE_IN_FRAMEWORK_HEADER = YES;
				CLANG_WARN_RANGE_LOOP_ANALYSIS = YES;
				CLANG_WARN_STRICT_PROTOTYPES = YES;
				CLANG_WARN_SUSPICIOUS_MOVE = YES;
				CLANG_WARN_UNGUARDED_AVAILABILITY = YES_AGGRESSIVE;
				CLANG_WARN_UNREACHABLE_CODE = YES;
				CLANG_WARN__DUPLICATE_METHOD_MATCH = YES;
				COPY_PHASE_STRIP = NO;
				DEBUG_INFORMATION_FORMAT = dwarf;
				ENABLE_STRICT_OBJC_MSGSEND = YES;
				ENABLE_TESTABILITY = YES;
				GCC_C_LANGUAGE_STANDARD = gnu11;
				GCC_DYNAMIC_NO_PIC = NO;
				GCC_NO_COMMON_BLOCKS = YES;
				GCC_OPTIMIZATION_LEVEL = 0;
				GCC_PREPROCESSOR_DEFINITIONS = (
					"DEBUG=1",
					"$(inherited)",
				);
				GCC_WARN_64_TO_32_BIT_CONVERSION = YES;
				GCC_WARN_ABOUT_RETURN_TYPE = YES_ERROR;
				GCC_WARN_UNDECLARED_SELECTOR = YES;
				GCC_WARN_UNINITIALIZED_AUTOS = YES_AGGRESSIVE;
				GCC_WARN_UNUSED_FUNCTION = YES;
				GCC_WARN_UNUSED_VARIABLE = YES;
				IPHONEOS_DEPLOYMENT_TARGET = 14.4;
				MTL_ENABLE_DEBUG_INFO = INCLUDE_SOURCE;
				MTL_FAST_MATH = YES;
				ONLY_ACTIVE_ARCH = YES;
				SDKROOT = iphoneos;
				SWIFT_ACTIVE_COMPILATION_CONDITIONS = DEBUG;
				SWIFT_OPTIMIZATION_LEVEL = "-Onone";
			};
			name = Debug;
		};
		4E87386226120B6E0052890C /* Release */ = {
			isa = XCBuildConfiguration;
			buildSettings = {
				ALWAYS_SEARCH_USER_PATHS = NO;
				CLANG_ANALYZER_NONNULL = YES;
				CLANG_ANALYZER_NUMBER_OBJECT_CONVERSION = YES_AGGRESSIVE;
				CLANG_CXX_LANGUAGE_STANDARD = "gnu++14";
				CLANG_CXX_LIBRARY = "libc++";
				CLANG_ENABLE_MODULES = YES;
				CLANG_ENABLE_OBJC_ARC = YES;
				CLANG_ENABLE_OBJC_WEAK = YES;
				CLANG_WARN_BLOCK_CAPTURE_AUTORELEASING = YES;
				CLANG_WARN_BOOL_CONVERSION = YES;
				CLANG_WARN_COMMA = YES;
				CLANG_WARN_CONSTANT_CONVERSION = YES;
				CLANG_WARN_DEPRECATED_OBJC_IMPLEMENTATIONS = YES;
				CLANG_WARN_DIRECT_OBJC_ISA_USAGE = YES_ERROR;
				CLANG_WARN_DOCUMENTATION_COMMENTS = YES;
				CLANG_WARN_EMPTY_BODY = YES;
				CLANG_WARN_ENUM_CONVERSION = YES;
				CLANG_WARN_INFINITE_RECURSION = YES;
				CLANG_WARN_INT_CONVERSION = YES;
				CLANG_WARN_NON_LITERAL_NULL_CONVERSION = YES;
				CLANG_WARN_OBJC_IMPLICIT_RETAIN_SELF = YES;
				CLANG_WARN_OBJC_LITERAL_CONVERSION = YES;
				CLANG_WARN_OBJC_ROOT_CLASS = YES_ERROR;
				CLANG_WARN_QUOTED_INCLUDE_IN_FRAMEWORK_HEADER = YES;
				CLANG_WARN_RANGE_LOOP_ANALYSIS = YES;
				CLANG_WARN_STRICT_PROTOTYPES = YES;
				CLANG_WARN_SUSPICIOUS_MOVE = YES;
				CLANG_WARN_UNGUARDED_AVAILABILITY = YES_AGGRESSIVE;
				CLANG_WARN_UNREACHABLE_CODE = YES;
				CLANG_WARN__DUPLICATE_METHOD_MATCH = YES;
				COPY_PHASE_STRIP = NO;
				DEBUG_INFORMATION_FORMAT = "dwarf-with-dsym";
				ENABLE_NS_ASSERTIONS = NO;
				ENABLE_STRICT_OBJC_MSGSEND = YES;
				GCC_C_LANGUAGE_STANDARD = gnu11;
				GCC_NO_COMMON_BLOCKS = YES;
				GCC_WARN_64_TO_32_BIT_CONVERSION = YES;
				GCC_WARN_ABOUT_RETURN_TYPE = YES_ERROR;
				GCC_WARN_UNDECLARED_SELECTOR = YES;
				GCC_WARN_UNINITIALIZED_AUTOS = YES_AGGRESSIVE;
				GCC_WARN_UNUSED_FUNCTION = YES;
				GCC_WARN_UNUSED_VARIABLE = YES;
				IPHONEOS_DEPLOYMENT_TARGET = 14.4;
				MTL_ENABLE_DEBUG_INFO = NO;
				MTL_FAST_MATH = YES;
				SDKROOT = iphoneos;
				SWIFT_COMPILATION_MODE = wholemodule;
				SWIFT_OPTIMIZATION_LEVEL = "-O";
				VALIDATE_PRODUCT = YES;
			};
			name = Release;
		};
		4E87386426120B6E0052890C /* Debug */ = {
			isa = XCBuildConfiguration;
			buildSettings = {
				ASSETCATALOG_COMPILER_APPICON_NAME = AppIcon;
				ASSETCATALOG_COMPILER_GLOBAL_ACCENT_COLOR_NAME = AccentColor;
				CODE_SIGN_STYLE = Automatic;
				DEVELOPMENT_ASSET_PATHS = "\"SwiftUITextEditor/Preview Content\"";
				DEVELOPMENT_TEAM = 94USWJR94U;
				ENABLE_PREVIEWS = YES;
				ENABLE_TESTING_SEARCH_PATHS = YES;
				INFOPLIST_FILE = SwiftUITextEditor/Info.plist;
				IPHONEOS_DEPLOYMENT_TARGET = 14.0;
				LD_RUNPATH_SEARCH_PATHS = (
					"$(inherited)",
					"@executable_path/Frameworks",
				);
				PRODUCT_BUNDLE_IDENTIFIER = andreasvelounias.SwiftUITextEditor;
				PRODUCT_NAME = "$(TARGET_NAME)";
				SWIFT_VERSION = 5.0;
				TARGETED_DEVICE_FAMILY = "1,2";
			};
			name = Debug;
		};
		4E87386526120B6E0052890C /* Release */ = {
			isa = XCBuildConfiguration;
			buildSettings = {
				ASSETCATALOG_COMPILER_APPICON_NAME = AppIcon;
				ASSETCATALOG_COMPILER_GLOBAL_ACCENT_COLOR_NAME = AccentColor;
				CODE_SIGN_STYLE = Automatic;
				DEVELOPMENT_ASSET_PATHS = "\"SwiftUITextEditor/Preview Content\"";
				DEVELOPMENT_TEAM = 94USWJR94U;
				ENABLE_PREVIEWS = YES;
				ENABLE_TESTING_SEARCH_PATHS = YES;
				INFOPLIST_FILE = SwiftUITextEditor/Info.plist;
				IPHONEOS_DEPLOYMENT_TARGET = 14.0;
				LD_RUNPATH_SEARCH_PATHS = (
					"$(inherited)",
					"@executable_path/Frameworks",
				);
				PRODUCT_BUNDLE_IDENTIFIER = andreasvelounias.SwiftUITextEditor;
				PRODUCT_NAME = "$(TARGET_NAME)";
				SWIFT_VERSION = 5.0;
				TARGETED_DEVICE_FAMILY = "1,2";
			};
			name = Release;
		};
		4EA6A35C26131BE000CCBF5A /* Debug */ = {
			isa = XCBuildConfiguration;
			buildSettings = {
				CODE_SIGN_STYLE = Automatic;
				DEVELOPMENT_TEAM = 94USWJR94U;
				INFOPLIST_FILE = SwiftUITextEditorUITests/Info.plist;
				LD_RUNPATH_SEARCH_PATHS = (
					"$(inherited)",
					"@executable_path/Frameworks",
					"@loader_path/Frameworks",
				);
				PRODUCT_BUNDLE_IDENTIFIER = andreasvelounias.SwiftUITextEditorUITests;
				PRODUCT_NAME = "$(TARGET_NAME)";
				SWIFT_VERSION = 5.0;
				TARGETED_DEVICE_FAMILY = "1,2";
				TEST_TARGET_NAME = SwiftUITextEditor;
			};
			name = Debug;
		};
		4EA6A35D26131BE000CCBF5A /* Release */ = {
			isa = XCBuildConfiguration;
			buildSettings = {
				CODE_SIGN_STYLE = Automatic;
				DEVELOPMENT_TEAM = 94USWJR94U;
				INFOPLIST_FILE = SwiftUITextEditorUITests/Info.plist;
				LD_RUNPATH_SEARCH_PATHS = (
					"$(inherited)",
					"@executable_path/Frameworks",
					"@loader_path/Frameworks",
				);
				PRODUCT_BUNDLE_IDENTIFIER = andreasvelounias.SwiftUITextEditorUITests;
				PRODUCT_NAME = "$(TARGET_NAME)";
				SWIFT_VERSION = 5.0;
				TARGETED_DEVICE_FAMILY = "1,2";
				TEST_TARGET_NAME = SwiftUITextEditor;
			};
			name = Release;
		};
/* End XCBuildConfiguration section */

/* Begin XCConfigurationList section */
		4E7919BD26126E8E00A0183C /* Build configuration list for PBXNativeTarget "SwiftUITextEditorTests" */ = {
			isa = XCConfigurationList;
			buildConfigurations = (
				4E7919BE26126E8E00A0183C /* Debug */,
				4E7919BF26126E8E00A0183C /* Release */,
			);
			defaultConfigurationIsVisible = 0;
			defaultConfigurationName = Release;
		};
		4E87383926120B6C0052890C /* Build configuration list for PBXProject "SwiftUITextEditor" */ = {
			isa = XCConfigurationList;
			buildConfigurations = (
				4E87386126120B6E0052890C /* Debug */,
				4E87386226120B6E0052890C /* Release */,
			);
			defaultConfigurationIsVisible = 0;
			defaultConfigurationName = Release;
		};
		4E87386326120B6E0052890C /* Build configuration list for PBXNativeTarget "SwiftUITextEditor" */ = {
			isa = XCConfigurationList;
			buildConfigurations = (
				4E87386426120B6E0052890C /* Debug */,
				4E87386526120B6E0052890C /* Release */,
			);
			defaultConfigurationIsVisible = 0;
			defaultConfigurationName = Release;
		};
		4EA6A35B26131BE000CCBF5A /* Build configuration list for PBXNativeTarget "SwiftUITextEditorUITests" */ = {
			isa = XCConfigurationList;
			buildConfigurations = (
				4EA6A35C26131BE000CCBF5A /* Debug */,
				4EA6A35D26131BE000CCBF5A /* Release */,
			);
			defaultConfigurationIsVisible = 0;
			defaultConfigurationName = Release;
		};
/* End XCConfigurationList section */

/* Begin XCRemoteSwiftPackageReference section */
		4E79199826126C0D00A0183C /* XCRemoteSwiftPackageReference "LoremIpsum-Swift" */ = {
			isa = XCRemoteSwiftPackageReference;
			repositoryURL = "https://github.com/owlcoding/LoremIpsum-Swift/";
			requirement = {
				kind = upToNextMajorVersion;
				minimumVersion = 0.6.0;
			};
		};
/* End XCRemoteSwiftPackageReference section */

/* Begin XCSwiftPackageProductDependency section */
		4E79199926126C0D00A0183C /* LoremIpsum */ = {
			isa = XCSwiftPackageProductDependency;
			package = 4E79199826126C0D00A0183C /* XCRemoteSwiftPackageReference "LoremIpsum-Swift" */;
			productName = LoremIpsum;
		};
/* End XCSwiftPackageProductDependency section */
	};
	rootObject = 4E87383626120B6C0052890C /* Project object */;
}
